
Microsoft Visual Studio Solution File, Format Version 12.00
# Visual Studio Version 17
VisualStudioVersion = 17.13.35806.99 d17.13
MinimumVisualStudioVersion = 10.0.40219.1
Project("{FAE04EC0-301F-11D3-BF4B-00C04F79EFBC}") = "Assignment", "Assignment\Assignment.csproj", "{3E635BA4-CD55-4150-A3FF-4774FD68CCE3}"
EndProject
Global
	GlobalSection(SolutionConfigurationPlatforms) = preSolution
		Debug|Any CPU = Debug|Any CPU
		Release|Any CPU = Release|Any CPU
	EndGlobalSection
	GlobalSection(ProjectConfigurationPlatforms) = postSolution
		{3E635BA4-CD55-4150-A3FF-4774FD68CCE3}.Debug|Any CPU.ActiveCfg = Debug|Any CPU
		{3E635BA4-CD55-4150-A3FF-4774FD68CCE3}.Debug|Any CPU.Build.0 = Debug|Any CPU
		{3E635BA4-CD55-4150-A3FF-4774FD68CCE3}.Release|Any CPU.ActiveCfg = Release|Any CPU
		{3E635BA4-CD55-4150-A3FF-4774FD68CCE3}.Release|Any CPU.Build.0 = Release|Any CPU
	EndGlobalSection
	GlobalSection(SolutionProperties) = preSolution
		HideSolutionNode = FALSE
	EndGlobalSection
	GlobalSection(ExtensibilityGlobals) = postSolution
		SolutionGuid = {AB934E02-984B-4C1F-82F2-8B406325FED8}
	EndGlobalSection
EndGlobal
